// !$*UTF8*$!
{
	archiveVersion = 1;
	classes = {
	};
	objectVersion = 48;
	objects = {

/* Begin PBXBuildFile section */
		CED27815206024AE0090AEA8 /* AppDelegate.swift in Sources */ = {isa = PBXBuildFile; fileRef = CED27814206024AE0090AEA8 /* AppDelegate.swift */; };
		CED27817206024AF0090AEA8 /* ViewController.swift in Sources */ = {isa = PBXBuildFile; fileRef = CED27816206024AF0090AEA8 /* ViewController.swift */; };
		CED2781A206024AF0090AEA8 /* Main.storyboard in Resources */ = {isa = PBXBuildFile; fileRef = CED27818206024AF0090AEA8 /* Main.storyboard */; };
		CED2781C206024AF0090AEA8 /* Assets.xcassets in Resources */ = {isa = PBXBuildFile; fileRef = CED2781B206024AF0090AEA8 /* Assets.xcassets */; };
		CED2781F206024AF0090AEA8 /* LaunchScreen.storyboard in Resources */ = {isa = PBXBuildFile; fileRef = CED2781D206024AF0090AEA8 /* LaunchScreen.storyboard */; };
		CED2782A206024AF0090AEA8 /* Sample2Tests.swift in Sources */ = {isa = PBXBuildFile; fileRef = CED27829206024AF0090AEA8 /* Sample2Tests.swift */; };
		CED27835206024AF0090AEA8 /* Sample2UITests.swift in Sources */ = {isa = PBXBuildFile; fileRef = CED27834206024AF0090AEA8 /* Sample2UITests.swift */; };
/* End PBXBuildFile section */

/* Begin PBXContainerItemProxy section */
		CED27826206024AF0090AEA8 /* PBXContainerItemProxy */ = {
			isa = PBXContainerItemProxy;
			containerPortal = CED27809206024AE0090AEA8 /* Project object */;
			proxyType = 1;
			remoteGlobalIDString = CED27810206024AE0090AEA8;
			remoteInfo = Sample2;
		};
		CED27831206024AF0090AEA8 /* PBXContainerItemProxy */ = {
			isa = PBXContainerItemProxy;
			containerPortal = CED27809206024AE0090AEA8 /* Project object */;
			proxyType = 1;
			remoteGlobalIDString = CED27810206024AE0090AEA8;
			remoteInfo = Sample2;
		};
/* End PBXContainerItemProxy section */

/* Begin PBXFileReference section */
		CED27811206024AE0090AEA8 /* Sample2.app */ = {isa = PBXFileReference; explicitFileType = wrapper.application; includeInIndex = 0; path = Sample2.app; sourceTree = BUILT_PRODUCTS_DIR; };
		CED27814206024AE0090AEA8 /* AppDelegate.swift */ = {isa = PBXFileReference; lastKnownFileType = sourcecode.swift; path = AppDelegate.swift; sourceTree = "<group>"; };
		CED27816206024AF0090AEA8 /* ViewController.swift */ = {isa = PBXFileReference; lastKnownFileType = sourcecode.swift; path = ViewController.swift; sourceTree = "<group>"; };
		CED27819206024AF0090AEA8 /* Base */ = {isa = PBXFileReference; lastKnownFileType = file.storyboard; name = Base; path = Base.lproj/Main.storyboard; sourceTree = "<group>"; };
		CED2781B206024AF0090AEA8 /* Assets.xcassets */ = {isa = PBXFileReference; lastKnownFileType = folder.assetcatalog; path = Assets.xcassets; sourceTree = "<group>"; };
		CED2781E206024AF0090AEA8 /* Base */ = {isa = PBXFileReference; lastKnownFileType = file.storyboard; name = Base; path = Base.lproj/LaunchScreen.storyboard; sourceTree = "<group>"; };
		CED27820206024AF0090AEA8 /* Info.plist */ = {isa = PBXFileReference; lastKnownFileType = text.plist.xml; path = Info.plist; sourceTree = "<group>"; };
		CED27825206024AF0090AEA8 /* Sample2Tests.xctest */ = {isa = PBXFileReference; explicitFileType = wrapper.cfbundle; includeInIndex = 0; path = Sample2Tests.xctest; sourceTree = BUILT_PRODUCTS_DIR; };
		CED27829206024AF0090AEA8 /* Sample2Tests.swift */ = {isa = PBXFileReference; lastKnownFileType = sourcecode.swift; path = Sample2Tests.swift; sourceTree = "<group>"; };
		CED2782B206024AF0090AEA8 /* Info.plist */ = {isa = PBXFileReference; lastKnownFileType = text.plist.xml; path = Info.plist; sourceTree = "<group>"; };
		CED27830206024AF0090AEA8 /* Sample2UITests.xctest */ = {isa = PBXFileReference; explicitFileType = wrapper.cfbundle; includeInIndex = 0; path = Sample2UITests.xctest; sourceTree = BUILT_PRODUCTS_DIR; };
		CED27834206024AF0090AEA8 /* Sample2UITests.swift */ = {isa = PBXFileReference; lastKnownFileType = sourcecode.swift; path = Sample2UITests.swift; sourceTree = "<group>"; };
		CED27836206024AF0090AEA8 /* Info.plist */ = {isa = PBXFileReference; lastKnownFileType = text.plist.xml; path = Info.plist; sourceTree = "<group>"; };
/* End PBXFileReference section */

/* Begin PBXFrameworksBuildPhase section */
		CED2780E206024AE0090AEA8 /* Frameworks */ = {
			isa = PBXFrameworksBuildPhase;
			buildActionMask = 2147483647;
			files = (
			);
			runOnlyForDeploymentPostprocessing = 0;
		};
		CED27822206024AF0090AEA8 /* Frameworks */ = {
			isa = PBXFrameworksBuildPhase;
			buildActionMask = 2147483647;
			files = (
			);
			runOnlyForDeploymentPostprocessing = 0;
		};
		CED2782D206024AF0090AEA8 /* Frameworks */ = {
			isa = PBXFrameworksBuildPhase;
			buildActionMask = 2147483647;
			files = (
			);
			runOnlyForDeploymentPostprocessing = 0;
		};
/* End PBXFrameworksBuildPhase section */

/* Begin PBXGroup section */
		CED27808206024AE0090AEA8 = {
			isa = PBXGroup;
			children = (
				CED27813206024AE0090AEA8 /* Sample2 */,
				CED27828206024AF0090AEA8 /* Sample2Tests */,
				CED27833206024AF0090AEA8 /* Sample2UITests */,
				CED27812206024AE0090AEA8 /* Products */,
			);
			sourceTree = "<group>";
		};
		CED27812206024AE0090AEA8 /* Products */ = {
			isa = PBXGroup;
			children = (
				CED27811206024AE0090AEA8 /* Sample2.app */,
				CED27825206024AF0090AEA8 /* Sample2Tests.xctest */,
				CED27830206024AF0090AEA8 /* Sample2UITests.xctest */,
			);
			name = Products;
			sourceTree = "<group>";
		};
		CED27813206024AE0090AEA8 /* Sample2 */ = {
			isa = PBXGroup;
			children = (
				CED27814206024AE0090AEA8 /* AppDelegate.swift */,
				CED27816206024AF0090AEA8 /* ViewController.swift */,
				CED27818206024AF0090AEA8 /* Main.storyboard */,
				CED2781B206024AF0090AEA8 /* Assets.xcassets */,
				CED2781D206024AF0090AEA8 /* LaunchScreen.storyboard */,
				CED27820206024AF0090AEA8 /* Info.plist */,
			);
			path = Sample2;
			sourceTree = "<group>";
		};
		CED27828206024AF0090AEA8 /* Sample2Tests */ = {
			isa = PBXGroup;
			children = (
				CED27829206024AF0090AEA8 /* Sample2Tests.swift */,
				CED2782B206024AF0090AEA8 /* Info.plist */,
			);
			path = Sample2Tests;
			sourceTree = "<group>";
		};
		CED27833206024AF0090AEA8 /* Sample2UITests */ = {
			isa = PBXGroup;
			children = (
				CED27834206024AF0090AEA8 /* Sample2UITests.swift */,
				CED27836206024AF0090AEA8 /* Info.plist */,
			);
			path = Sample2UITests;
			sourceTree = "<group>";
		};
/* End PBXGroup section */

/* Begin PBXNativeTarget section */
		CED27810206024AE0090AEA8 /* Sample2 */ = {
			isa = PBXNativeTarget;
			buildConfigurationList = CED27839206024AF0090AEA8 /* Build configuration list for PBXNativeTarget "Sample2" */;
			buildPhases = (
				CED2780D206024AE0090AEA8 /* Sources */,
				CED2780E206024AE0090AEA8 /* Frameworks */,
				CED2780F206024AE0090AEA8 /* Resources */,
			);
			buildRules = (
			);
			dependencies = (
			);
			name = Sample2;
			productName = Sample2;
			productReference = CED27811206024AE0090AEA8 /* Sample2.app */;
			productType = "com.apple.product-type.application";
		};
		CED27824206024AF0090AEA8 /* Sample2Tests */ = {
			isa = PBXNativeTarget;
			buildConfigurationList = CED2783C206024AF0090AEA8 /* Build configuration list for PBXNativeTarget "Sample2Tests" */;
			buildPhases = (
				CED27821206024AF0090AEA8 /* Sources */,
				CED27822206024AF0090AEA8 /* Frameworks */,
				CED27823206024AF0090AEA8 /* Resources */,
			);
			buildRules = (
			);
			dependencies = (
				CED27827206024AF0090AEA8 /* PBXTargetDependency */,
			);
			name = Sample2Tests;
			productName = Sample2Tests;
			productReference = CED27825206024AF0090AEA8 /* Sample2Tests.xctest */;
			productType = "com.apple.product-type.bundle.unit-test";
		};
		CED2782F206024AF0090AEA8 /* Sample2UITests */ = {
			isa = PBXNativeTarget;
			buildConfigurationList = CED2783F206024AF0090AEA8 /* Build configuration list for PBXNativeTarget "Sample2UITests" */;
			buildPhases = (
				CED2782C206024AF0090AEA8 /* Sources */,
				CED2782D206024AF0090AEA8 /* Frameworks */,
				CED2782E206024AF0090AEA8 /* Resources */,
			);
			buildRules = (
			);
			dependencies = (
				CED27832206024AF0090AEA8 /* PBXTargetDependency */,
			);
			name = Sample2UITests;
			productName = Sample2UITests;
			productReference = CED27830206024AF0090AEA8 /* Sample2UITests.xctest */;
			productType = "com.apple.product-type.bundle.ui-testing";
		};
/* End PBXNativeTarget section */

/* Begin PBXProject section */
		CED27809206024AE0090AEA8 /* Project object */ = {
			isa = PBXProject;
			attributes = {
				LastSwiftUpdateCheck = 0920;
				LastUpgradeCheck = 0920;
				ORGANIZATIONNAME = Progate;
				TargetAttributes = {
					CED27810206024AE0090AEA8 = {
						CreatedOnToolsVersion = 9.2;
						ProvisioningStyle = Automatic;
					};
					CED27824206024AF0090AEA8 = {
						CreatedOnToolsVersion = 9.2;
						ProvisioningStyle = Automatic;
						TestTargetID = CED27810206024AE0090AEA8;
					};
					CED2782F206024AF0090AEA8 = {
						CreatedOnToolsVersion = 9.2;
						ProvisioningStyle = Automatic;
						TestTargetID = CED27810206024AE0090AEA8;
					};
				};
			};
			buildConfigurationList = CED2780C206024AE0090AEA8 /* Build configuration list for PBXProject "Sample2" */;
			compatibilityVersion = "Xcode 8.0";
			developmentRegion = en;
			hasScannedForEncodings = 0;
			knownRegions = (
				en,
				Base,
			);
			mainGroup = CED27808206024AE0090AEA8;
			productRefGroup = CED27812206024AE0090AEA8 /* Products */;
			projectDirPath = "";
			projectRoot = "";
			targets = (
				CED27810206024AE0090AEA8 /* Sample2 */,
				CED27824206024AF0090AEA8 /* Sample2Tests */,
				CED2782F206024AF0090AEA8 /* Sample2UITests */,
			);
		};
/* End PBXProject section */

/* Begin PBXResourcesBuildPhase section */
		CED2780F206024AE0090AEA8 /* Resources */ = {
			isa = PBXResourcesBuildPhase;
			buildActionMask = 2147483647;
			files = (
				CED2781F206024AF0090AEA8 /* LaunchScreen.storyboard in Resources */,
				CED2781C206024AF0090AEA8 /* Assets.xcassets in Resources */,
				CED2781A206024AF0090AEA8 /* Main.storyboard in Resources */,
			);
			runOnlyForDeploymentPostprocessing = 0;
		};
		CED27823206024AF0090AEA8 /* Resources */ = {
			isa = PBXResourcesBuildPhase;
			buildActionMask = 2147483647;
			files = (
			);
			runOnlyForDeploymentPostprocessing = 0;
		};
		CED2782E206024AF0090AEA8 /* Resources */ = {
			isa = PBXResourcesBuildPhase;
			buildActionMask = 2147483647;
			files = (
			);
			runOnlyForDeploymentPostprocessing = 0;
		};
/* End PBXResourcesBuildPhase section */

/* Begin PBXSourcesBuildPhase section */
		CED2780D206024AE0090AEA8 /* Sources */ = {
			isa = PBXSourcesBuildPhase;
			buildActionMask = 2147483647;
			files = (
				CED27817206024AF0090AEA8 /* ViewController.swift in Sources */,
				CED27815206024AE0090AEA8 /* AppDelegate.swift in Sources */,
			);
			runOnlyForDeploymentPostprocessing = 0;
		};
		CED27821206024AF0090AEA8 /* Sources */ = {
			isa = PBXSourcesBuildPhase;
			buildActionMask = 2147483647;
			files = (
				CED2782A206024AF0090AEA8 /* Sample2Tests.swift in Sources */,
			);
			runOnlyForDeploymentPostprocessing = 0;
		};
		CED2782C206024AF0090AEA8 /* Sources */ = {
			isa = PBXSourcesBuildPhase;
			buildActionMask = 2147483647;
			files = (
				CED27835206024AF0090AEA8 /* Sample2UITests.swift in Sources */,
			);
			runOnlyForDeploymentPostprocessing = 0;
		};
/* End PBXSourcesBuildPhase section */

/* Begin PBXTargetDependency section */
		CED27827206024AF0090AEA8 /* PBXTargetDependency */ = {
			isa = PBXTargetDependency;
			target = CED27810206024AE0090AEA8 /* Sample2 */;
			targetProxy = CED27826206024AF0090AEA8 /* PBXContainerItemProxy */;
		};
		CED27832206024AF0090AEA8 /* PBXTargetDependency */ = {
			isa = PBXTargetDependency;
			target = CED27810206024AE0090AEA8 /* Sample2 */;
			targetProxy = CED27831206024AF0090AEA8 /* PBXContainerItemProxy */;
		};
/* End PBXTargetDependency section */

/* Begin PBXVariantGroup section */
		CED27818206024AF0090AEA8 /* Main.storyboard */ = {
			isa = PBXVariantGroup;
			children = (
				CED27819206024AF0090AEA8 /* Base */,
			);
			name = Main.storyboard;
			sourceTree = "<group>";
		};
		CED2781D206024AF0090AEA8 /* LaunchScreen.storyboard */ = {
			isa = PBXVariantGroup;
			children = (
				CED2781E206024AF0090AEA8 /* Base */,
			);
			name = LaunchScreen.storyboard;
			sourceTree = "<group>";
		};
/* End PBXVariantGroup section */

/* Begin XCBuildConfiguration section */
		CED27837206024AF0090AEA8 /* Debug */ = {
			isa = XCBuildConfiguration;
			buildSettings = {
				ALWAYS_SEARCH_USER_PATHS = NO;
				CLANG_ANALYZER_NONNULL = YES;
				CLANG_ANALYZER_NUMBER_OBJECT_CONVERSION = YES_AGGRESSIVE;
				CLANG_CXX_LANGUAGE_STANDARD = "gnu++14";
				CLANG_CXX_LIBRARY = "libc++";
				CLANG_ENABLE_MODULES = YES;
				CLANG_ENABLE_OBJC_ARC = YES;
				CLANG_WARN_BLOCK_CAPTURE_AUTORELEASING = YES;
				CLANG_WARN_BOOL_CONVERSION = YES;
				CLANG_WARN_COMMA = YES;
				CLANG_WARN_CONSTANT_CONVERSION = YES;
				CLANG_WARN_DIRECT_OBJC_ISA_USAGE = YES_ERROR;
				CLANG_WARN_DOCUMENTATION_COMMENTS = YES;
				CLANG_WARN_EMPTY_BODY = YES;
				CLANG_WARN_ENUM_CONVERSION = YES;
				CLANG_WARN_INFINITE_RECURSION = YES;
				CLANG_WARN_INT_CONVERSION = YES;
				CLANG_WARN_NON_LITERAL_NULL_CONVERSION = YES;
				CLANG_WARN_OBJC_LITERAL_CONVERSION = YES;
				CLANG_WARN_OBJC_ROOT_CLASS = YES_ERROR;
				CLANG_WARN_RANGE_LOOP_ANALYSIS = YES;
				CLANG_WARN_STRICT_PROTOTYPES = YES;
				CLANG_WARN_SUSPICIOUS_MOVE = YES;
				CLANG_WARN_UNGUARDED_AVAILABILITY = YES_AGGRESSIVE;
				CLANG_WARN_UNREACHABLE_CODE = YES;
				CLANG_WARN__DUPLICATE_METHOD_MATCH = YES;
				CODE_SIGN_IDENTITY = "iPhone Developer";
				COPY_PHASE_STRIP = NO;
				DEBUG_INFORMATION_FORMAT = dwarf;
				ENABLE_STRICT_OBJC_MSGSEND = YES;
				ENABLE_TESTABILITY = YES;
				GCC_C_LANGUAGE_STANDARD = gnu11;
				GCC_DYNAMIC_NO_PIC = NO;
				GCC_NO_COMMON_BLOCKS = YES;
				GCC_OPTIMIZATION_LEVEL = 0;
				GCC_PREPROCESSOR_DEFINITIONS = (
					"DEBUG=1",
					"$(inherited)",
				);
				GCC_WARN_64_TO_32_BIT_CONVERSION = YES;
				GCC_WARN_ABOUT_RETURN_TYPE = YES_ERROR;
				GCC_WARN_UNDECLARED_SELECTOR = YES;
				GCC_WARN_UNINITIALIZED_AUTOS = YES_AGGRESSIVE;
				GCC_WARN_UNUSED_FUNCTION = YES;
				GCC_WARN_UNUSED_VARIABLE = YES;
				IPHONEOS_DEPLOYMENT_TARGET = 11.2;
				MTL_ENABLE_DEBUG_INFO = YES;
				ONLY_ACTIVE_ARCH = YES;
				SDKROOT = iphoneos;
				SWIFT_ACTIVE_COMPILATION_CONDITIONS = DEBUG;
				SWIFT_OPTIMIZATION_LEVEL = "-Onone";
			};
			name = Debug;
		};
		CED27838206024AF0090AEA8 /* Release */ = {
			isa = XCBuildConfiguration;
			buildSettings = {
				ALWAYS_SEARCH_USER_PATHS = NO;
				CLANG_ANALYZER_NONNULL = YES;
				CLANG_ANALYZER_NUMBER_OBJECT_CONVERSION = YES_AGGRESSIVE;
				CLANG_CXX_LANGUAGE_STANDARD = "gnu++14";
				CLANG_CXX_LIBRARY = "libc++";
				CLANG_ENABLE_MODULES = YES;
				CLANG_ENABLE_OBJC_ARC = YES;
				CLANG_WARN_BLOCK_CAPTURE_AUTORELEASING = YES;
				CLANG_WARN_BOOL_CONVERSION = YES;
				CLANG_WARN_COMMA = YES;
				CLANG_WARN_CONSTANT_CONVERSION = YES;
				CLANG_WARN_DIRECT_OBJC_ISA_USAGE = YES_ERROR;
				CLANG_WARN_DOCUMENTATION_COMMENTS = YES;
				CLANG_WARN_EMPTY_BODY = YES;
				CLANG_WARN_ENUM_CONVERSION = YES;
				CLANG_WARN_INFINITE_RECURSION = YES;
				CLANG_WARN_INT_CONVERSION = YES;
				CLANG_WARN_NON_LITERAL_NULL_CONVERSION = YES;
				CLANG_WARN_OBJC_LITERAL_CONVERSION = YES;
				CLANG_WARN_OBJC_ROOT_CLASS = YES_ERROR;
				CLANG_WARN_RANGE_LOOP_ANALYSIS = YES;
				CLANG_WARN_STRICT_PROTOTYPES = YES;
				CLANG_WARN_SUSPICIOUS_MOVE = YES;
				CLANG_WARN_UNGUARDED_AVAILABILITY = YES_AGGRESSIVE;
				CLANG_WARN_UNREACHABLE_CODE = YES;
				CLANG_WARN__DUPLICATE_METHOD_MATCH = YES;
				CODE_SIGN_IDENTITY = "iPhone Developer";
				COPY_PHASE_STRIP = NO;
				DEBUG_INFORMATION_FORMAT = "dwarf-with-dsym";
				ENABLE_NS_ASSERTIONS = NO;
				ENABLE_STRICT_OBJC_MSGSEND = YES;
				GCC_C_LANGUAGE_STANDARD = gnu11;
				GCC_NO_COMMON_BLOCKS = YES;
				GCC_WARN_64_TO_32_BIT_CONVERSION = YES;
				GCC_WARN_ABOUT_RETURN_TYPE = YES_ERROR;
				GCC_WARN_UNDECLARED_SELECTOR = YES;
				GCC_WARN_UNINITIALIZED_AUTOS = YES_AGGRESSIVE;
				GCC_WARN_UNUSED_FUNCTION = YES;
				GCC_WARN_UNUSED_VARIABLE = YES;
				IPHONEOS_DEPLOYMENT_TARGET = 11.2;
				MTL_ENABLE_DEBUG_INFO = NO;
				SDKROOT = iphoneos;
				SWIFT_OPTIMIZATION_LEVEL = "-Owholemodule";
				VALIDATE_PRODUCT = YES;
			};
			name = Release;
		};
		CED2783A206024AF0090AEA8 /* Debug */ = {
			isa = XCBuildConfiguration;
			buildSettings = {
				ASSETCATALOG_COMPILER_APPICON_NAME = AppIcon;
				CODE_SIGN_STYLE = Automatic;
				DEVELOPMENT_TEAM = 9GN8XSXSUB;
				INFOPLIST_FILE = Sample2/Info.plist;
				LD_RUNPATH_SEARCH_PATHS = "$(inherited) @executable_path/Frameworks";
				PRODUCT_BUNDLE_IDENTIFIER = com.example.Sample2;
				PRODUCT_NAME = "$(TARGET_NAME)";
				SWIFT_VERSION = 4.0;
				TARGETED_DEVICE_FAMILY = "1,2";
			};
			name = Debug;
		};
		CED2783B206024AF0090AEA8 /* Release */ = {
			isa = XCBuildConfiguration;
			buildSettings = {
				ASSETCATALOG_COMPILER_APPICON_NAME = AppIcon;
				CODE_SIGN_STYLE = Automatic;
				DEVELOPMENT_TEAM = 9GN8XSXSUB;
				INFOPLIST_FILE = Sample2/Info.plist;
				LD_RUNPATH_SEARCH_PATHS = "$(inherited) @executable_path/Frameworks";
				PRODUCT_BUNDLE_IDENTIFIER = com.example.Sample2;
				PRODUCT_NAME = "$(TARGET_NAME)";
				SWIFT_VERSION = 4.0;
				TARGETED_DEVICE_FAMILY = "1,2";
			};
			name = Release;
		};
		CED2783D206024AF0090AEA8 /* Debug */ = {
			isa = XCBuildConfiguration;
			buildSettings = {
				ALWAYS_EMBED_SWIFT_STANDARD_LIBRARIES = YES;
				BUNDLE_LOADER = "$(TEST_HOST)";
				CODE_SIGN_STYLE = Automatic;
				DEVELOPMENT_TEAM = 9GN8XSXSUB;
				INFOPLIST_FILE = Sample2Tests/Info.plist;
				LD_RUNPATH_SEARCH_PATHS = "$(inherited) @executable_path/Frameworks @loader_path/Frameworks";
				PRODUCT_BUNDLE_IDENTIFIER = com.example.Sample2Tests;
				PRODUCT_NAME = "$(TARGET_NAME)";
				SWIFT_VERSION = 4.0;
				TARGETED_DEVICE_FAMILY = "1,2";
				TEST_HOST = "$(BUILT_PRODUCTS_DIR)/Sample2.app/Sample2";
			};
			name = Debug;
		};
		CED2783E206024AF0090AEA8 /* Release */ = {
			isa = XCBuildConfiguration;
			buildSettings = {
				ALWAYS_EMBED_SWIFT_STANDARD_LIBRARIES = YES;
				BUNDLE_LOADER = "$(TEST_HOST)";
				CODE_SIGN_STYLE = Automatic;
				DEVELOPMENT_TEAM = 9GN8XSXSUB;
				INFOPLIST_FILE = Sample2Tests/Info.plist;
				LD_RUNPATH_SEARCH_PATHS = "$(inherited) @executable_path/Frameworks @loader_path/Frameworks";
				PRODUCT_BUNDLE_IDENTIFIER = com.example.Sample2Tests;
				PRODUCT_NAME = "$(TARGET_NAME)";
				SWIFT_VERSION = 4.0;
				TARGETED_DEVICE_FAMILY = "1,2";
				TEST_HOST = "$(BUILT_PRODUCTS_DIR)/Sample2.app/Sample2";
			};
			name = Release;
		};
		CED27840206024AF0090AEA8 /* Debug */ = {
			isa = XCBuildConfiguration;
			buildSettings = {
				ALWAYS_EMBED_SWIFT_STANDARD_LIBRARIES = YES;
				CODE_SIGN_STYLE = Automatic;
				DEVELOPMENT_TEAM = 9GN8XSXSUB;
				INFOPLIST_FILE = Sample2UITests/Info.plist;
				LD_RUNPATH_SEARCH_PATHS = "$(inherited) @executable_path/Frameworks @loader_path/Frameworks";
				PRODUCT_BUNDLE_IDENTIFIER = com.example.Sample2UITests;
				PRODUCT_NAME = "$(TARGET_NAME)";
				SWIFT_VERSION = 4.0;
				TARGETED_DEVICE_FAMILY = "1,2";
				TEST_TARGET_NAME = Sample2;
			};
			name = Debug;
		};
		CED27841206024AF0090AEA8 /* Release */ = {
			isa = XCBuildConfiguration;
			buildSettings = {
				ALWAYS_EMBED_SWIFT_STANDARD_LIBRARIES = YES;
				CODE_SIGN_STYLE = Automatic;
				DEVELOPMENT_TEAM = 9GN8XSXSUB;
				INFOPLIST_FILE = Sample2UITests/Info.plist;
				LD_RUNPATH_SEARCH_PATHS = "$(inherited) @executable_path/Frameworks @loader_path/Frameworks";
				PRODUCT_BUNDLE_IDENTIFIER = com.example.Sample2UITests;
				PRODUCT_NAME = "$(TARGET_NAME)";
				SWIFT_VERSION = 4.0;
				TARGETED_DEVICE_FAMILY = "1,2";
				TEST_TARGET_NAME = Sample2;
			};
			name = Release;
		};
/* End XCBuildConfiguration section */

/* Begin XCConfigurationList section */
		CED2780C206024AE0090AEA8 /* Build configuration list for PBXProject "Sample2" */ = {
			isa = XCConfigurationList;
			buildConfigurations = (
				CED27837206024AF0090AEA8 /* Debug */,
				CED27838206024AF0090AEA8 /* Release */,
			);
			defaultConfigurationIsVisible = 0;
			defaultConfigurationName = Release;
		};
		CED27839206024AF0090AEA8 /* Build configuration list for PBXNativeTarget "Sample2" */ = {
			isa = XCConfigurationList;
			buildConfigurations = (
				CED2783A206024AF0090AEA8 /* Debug */,
				CED2783B206024AF0090AEA8 /* Release */,
			);
			defaultConfigurationIsVisible = 0;
			defaultConfigurationName = Release;
		};
		CED2783C206024AF0090AEA8 /* Build configuration list for PBXNativeTarget "Sample2Tests" */ = {
			isa = XCConfigurationList;
			buildConfigurations = (
				CED2783D206024AF0090AEA8 /* Debug */,
				CED2783E206024AF0090AEA8 /* Release */,
			);
			defaultConfigurationIsVisible = 0;
			defaultConfigurationName = Release;
		};
		CED2783F206024AF0090AEA8 /* Build configuration list for PBXNativeTarget "Sample2UITests" */ = {
			isa = XCConfigurationList;
			buildConfigurations = (
				CED27840206024AF0090AEA8 /* Debug */,
				CED27841206024AF0090AEA8 /* Release */,
			);
			defaultConfigurationIsVisible = 0;
			defaultConfigurationName = Release;
		};
/* End XCConfigurationList section */
	};
	rootObject = CED27809206024AE0090AEA8 /* Project object */;
}
